# THIS IS AN AUTOGENERATED FILE. DO NOT EDIT THIS FILE DIRECTLY.
# yarn lockfile v1


"@vuepress/plugin-google-analytics@^1.1.0":
  version "1.1.0"
  resolved "https://registry.yarnpkg.com/@vuepress/plugin-google-analytics/-/plugin-google-analytics-1.1.0.tgz#282309cf6071b42f57ce996f2b07e3a9eaefc727"
  integrity sha512-dihyMDXWyPPGxvZge6Xz904ZAjhNcP2dzVbMa2rBvh9oPd6VD5M6mMw6NyNzHfm+LTFY0bTqOzuTFC1j7RnZnw==
